{
  "name": "bc8_section_9-12",
  "version": "1.0.0",
  "lockfileVersion": 3,
  "requires": true,
  "packages": {
    "": {
      "name": "bc8_section_9-12",
      "version": "1.0.0",
      "license": "ISC",
      "workspaces": [
        "apps/backend",
        "apps/frontend"
      ]
    },
    "apps/backend": {
      "version": "1.0.0",
      "license": "ISC"
    },
    "apps/frontend": {
      "version": "1.0.0",
      "license": "ISC",
      "devDependencies": {}
    },
    "node_modules/backend": {
      "resolved": "apps/backend",
      "link": true
    },
    "node_modules/frontend": {
      "resolved": "apps/frontend",
      "link": true
    }
  }
}
